{
  "nodes": {
    "android-device-samsung-crownlte": {
      "flake": false,
      "locked": {
        "lastModified": 1781192225,
        "narHash": "sha256-Zm6tMOj0sMPNp/pa1invmSKW3g8XWap4yX1FXChb5ro=",
        "owner": "ExyHyperBrick",
        "repo": "android_device_samsung_crownlte",
        "rev": "0c7036c9f31269c70e68655f563a7e0aa4cbd01c",
        "type": "github"
      },
      "original": {
        "owner": "ExyHyperBrick",
        "ref": "lineage-23.2",
        "repo": "android_device_samsung_crownlte",
        "type": "github"
      }
    },
    "android-device-samsung-exynos9810-common": {
      "flake": false,
      "locked": {
        "lastModified": 1784481786,
        "narHash": "sha256-a7OibGUZotP+B26t/5qd/6UlRxA3YI7ze06EYpIyWME=",
        "owner": "ExyHyperBrick",
        "repo": "android_device_samsung_exynos9810-common",
        "rev": "cff99a1415912607288d3890a60b7149d8bc8a78",
        "type": "github"
      },
      "original": {
        "owner": "ExyHyperBrick",
        "ref": "lineage-23.2",
        "repo": "android_device_samsung_exynos9810-common",
        "type": "github"
      }
    },
    "android-device-samsung-slsi-sepolicy": {
      "flake": false,
      "locked": {
        "lastModified": 1783596865,
        "narHash": "sha256-06O4nEwxMjOyeH5EKKrYClSxgyhrP+sbYVb4Ogz30f4=",
        "owner": "LineageOS",
        "repo": "android_device_samsung_slsi_sepolicy",
        "rev": "ce8096704e3adff6df7c12cc42518f9e244b3cf4",
        "type": "github"
      },
      "original": {
        "owner": "LineageOS",
        "ref": "lineage-23.2",
        "repo": "android_device_samsung_slsi_sepolicy",
        "type": "github"
      }
    },
    "android-device-samsung-star2lte": {
      "flake": false,
      "locked": {
        "lastModified": 1781192198,
        "narHash": "sha256-GSmwCwe46mKMuDRJze6uzajqq72XNPcarK+NqLKIMXU=",
        "owner": "ExyHyperBrick",
        "repo": "android_device_samsung_star2lte",
        "rev": "e9a1e863bc4c6ad99749008014c44e190c6b1beb",
        "type": "github"
      },
      "original": {
        "owner": "ExyHyperBrick",
        "ref": "lineage-23.2",
        "repo": "android_device_samsung_star2lte",
        "type": "github"
      }
    },
    "android-device-samsung-starlte": {
      "flake": false,
      "locked": {
        "lastModified": 1781192157,
        "narHash": "sha256-UFxb6nBtmxp1nbph3mLJg1TAyBiNk9GfO97m0HQj/aE=",
        "owner": "ExyHyperBrick",
        "repo": "android_device_samsung_starlte",
        "rev": "d9d001a7c60415ce86b866b7d2a21461fcf4cf76",
        "type": "github"
      },
      "original": {
        "owner": "ExyHyperBrick",
        "ref": "lineage-23.2",
        "repo": "android_device_samsung_starlte",
        "type": "github"
      }
    },
    "android-hardware-samsung": {
      "flake": false,
      "locked": {
        "lastModified": 1782324607,
        "narHash": "sha256-9cw9ufPHr58dQcpe4ZzZhUswHLyR+UI8lE1hIoiQlyk=",
        "owner": "LineageOS",
        "repo": "android_hardware_samsung",
        "rev": "147603411af80cd956a23c5fd9fa5fbd44559320",
        "type": "github"
      },
      "original": {
        "owner": "LineageOS",
        "ref": "lineage-23.2",
        "repo": "android_hardware_samsung",
        "type": "github"
      }
    },
    "android-hardware-samsung-slsi-linaro-config": {
      "flake": false,
      "locked": {
        "lastModified": 1783761169,
        "narHash": "sha256-41EZAk8gAO4CIwSdojtM9fv8+Ox7u/cbf5Tq6jIVngw=",
        "owner": "LineageOS",
        "repo": "android_hardware_samsung_slsi-linaro_config",
        "rev": "3626ce714e847cae429883a612d4ec9de79389e7",
        "type": "github"
      },
      "original": {
        "owner": "LineageOS",
        "ref": "lineage-23.2",
        "repo": "android_hardware_samsung_slsi-linaro_config",
        "type": "github"
      }
    },
    "android-hardware-samsung-slsi-linaro-exynos": {
      "flake": false,
      "locked": {
        "lastModified": 1783900303,
        "narHash": "sha256-O/P0QTSKuBybft4p5klEEB+H2ZUMeYogNISSTFLx/q8=",
        "owner": "LineageOS",
        "repo": "android_hardware_samsung_slsi-linaro_exynos",
        "rev": "2c2b1f889932bbe872c197efe33730f5fc231652",
        "type": "github"
      },
      "original": {
        "owner": "LineageOS",
        "ref": "lineage-23.2",
        "repo": "android_hardware_samsung_slsi-linaro_exynos",
        "type": "github"
      }
    },
    "android-hardware-samsung-slsi-linaro-exynos5": {
      "flake": false,
      "locked": {
        "lastModified": 1737109914,
        "narHash": "sha256-2TWqYim/Od4kF+H/buGN2bOKGgdUJi39e0xr62wXs4s=",
        "owner": "LineageOS",
        "repo": "android_hardware_samsung_slsi-linaro_exynos5",
        "rev": "7a7c982313e0821898ef9c696d3e12da95cfe037",
        "type": "github"
      },
      "original": {
        "owner": "LineageOS",
        "ref": "lineage-23.2",
        "repo": "android_hardware_samsung_slsi-linaro_exynos5",
        "type": "github"
      }
    },
    "android-hardware-samsung-slsi-linaro-graphics": {
      "flake": false,
      "locked": {
        "lastModified": 1783698565,
        "narHash": "sha256-gr2j0e+dIZ3Fm+p7xnL3GpFNDUbk58wr5MSMY/FEyyY=",
        "owner": "LineageOS",
        "repo": "android_hardware_samsung_slsi-linaro_graphics",
        "rev": "703d69fc4c6e2f59ca2069608ea26c564c6e12a7",
        "type": "github"
      },
      "original": {
        "owner": "LineageOS",
        "ref": "lineage-23.2",
        "repo": "android_hardware_samsung_slsi-linaro_graphics",
        "type": "github"
      }
    },
    "android-hardware-samsung-slsi-linaro-interfaces": {
      "flake": false,
      "locked": {
        "lastModified": 1764621319,
        "narHash": "sha256-kF/ZbSp5zcp5as+Yb24ru1UusI8QSgMDBSbW5YK2qII=",
        "owner": "LineageOS",
        "repo": "android_hardware_samsung_slsi-linaro_interfaces",
        "rev": "aa39734cbeb5ea14a28c170ac7b4527942b703a0",
        "type": "github"
      },
      "original": {
        "owner": "LineageOS",
        "ref": "lineage-23.2",
        "repo": "android_hardware_samsung_slsi-linaro_interfaces",
        "type": "github"
      }
    },
    "android-hardware-samsung-slsi-linaro-openmax": {
      "flake": false,
      "locked": {
        "lastModified": 1764605137,
        "narHash": "sha256-Vw8OGU86mwMB0vrQxkX/ewJ9bMU9ps4v3Y18m7JmuSc=",
        "owner": "LineageOS",
        "repo": "android_hardware_samsung_slsi-linaro_openmax",
        "rev": "15ab30812af9fe39fff2ae3cd867d7e954c73881",
        "type": "github"
      },
      "original": {
        "owner": "LineageOS",
        "ref": "lineage-23.2",
        "repo": "android_hardware_samsung_slsi-linaro_openmax",
        "type": "github"
      }
    },
    "android-hardware-samsung-slsi-nfc": {
      "flake": false,
      "locked": {
        "lastModified": 1780510415,
        "narHash": "sha256-s427bOAuGWdgTBvC+rNJa25EkJY8fK8uA1YepW5xvvk=",
        "owner": "LineageOS",
        "repo": "android_hardware_samsung_slsi_nfc",
        "rev": "88490b4408246e6c10ef1a6942844796f66dee5e",
        "type": "github"
      },
      "original": {
        "owner": "LineageOS",
        "ref": "lineage-23.2",
        "repo": "android_hardware_samsung_slsi_nfc",
        "type": "github"
      }
    },
    "android-kernel-samsung-exynos9810": {
      "flake": false,
      "locked": {
        "lastModified": 1783325895,
        "narHash": "sha256-c6kQj1eKd6mMSLsGYZg4cT8PLf6ZL5PuAQd4bdGFPfY=",
        "owner": "ExyHyperBrick",
        "repo": "android_kernel_samsung_exynos9810",
        "rev": "5cda4cf193549c3419ecc7e5e35e76219266ec90",
        "type": "github"
      },
      "original": {
        "owner": "ExyHyperBrick",
        "ref": "lineage-23.2-bpf-test",
        "repo": "android_kernel_samsung_exynos9810",
        "type": "github"
      }
    },
    "android-vendor-partner-gms": {
      "flake": false,
      "locked": {
        "lastModified": 1783524220,
        "narHash": "sha256-wV48KyyCWHSHbXNc0vNH79MbxIK7+aMkOqmeGAtuUHI=",
        "ref": "main",
        "rev": "7d908d421aa853bde0e005d9294d0007b6924cb1",
        "revCount": 217,
        "type": "git",
        "url": "https://gitlab.com/itsvixano-dev/android/lineageos-personal/android_vendor_partner_gms.git"
      },
      "original": {
        "ref": "main",
        "type": "git",
        "url": "https://gitlab.com/itsvixano-dev/android/lineageos-personal/android_vendor_partner_gms.git"
      }
    },
    "androidPkgs": {
      "inputs": {
        "devshell": "devshell",
        "flake-utils": "flake-utils",
        "nixpkgs": "nixpkgs_2"
      },
      "locked": {
        "lastModified": 1772483881,
        "narHash": "sha256-qqM94h8oArFngEjkwfRR/13hWeC0cmydxy5LuhJsNvo=",
        "owner": "tadfisher",
        "repo": "android-nixpkgs",
        "rev": "14c94be0575cd738174263df6b56efe0c645deaf",
        "type": "github"
      },
      "original": {
        "owner": "tadfisher",
        "ref": "stable",
        "repo": "android-nixpkgs",
        "type": "github"
      }
    },
    "devshell": {
      "inputs": {
        "nixpkgs": [
          "robotnix",
          "androidPkgs",
          "nixpkgs"
        ]
      },
      "locked": {
        "lastModified": 1768818222,
        "narHash": "sha256-460jc0+CZfyaO8+w8JNtlClB2n4ui1RbHfPTLkpwhU8=",
        "owner": "numtide",
        "repo": "devshell",
        "rev": "255a2b1725a20d060f566e4755dbf571bbbb5f76",
        "type": "github"
      },
      "original": {
        "owner": "numtide",
        "repo": "devshell",
        "type": "github"
      }
    },
    "flake-compat": {
      "locked": {
        "lastModified": 1761640442,
        "narHash": "sha256-AtrEP6Jmdvrqiv4x2xa5mrtaIp3OEe8uBYCDZDS+hu8=",
        "owner": "nix-community",
        "repo": "flake-compat",
        "rev": "4a56054d8ffc173222d09dad23adf4ba946c8884",
        "type": "github"
      },
      "original": {
        "owner": "nix-community",
        "repo": "flake-compat",
        "type": "github"
      }
    },
    "flake-utils": {
      "inputs": {
        "systems": "systems"
      },
      "locked": {
        "lastModified": 1731533236,
        "narHash": "sha256-l0KFg5HjrsfsO/JpG+r7fRrqm12kzFHyUHqHCVpMMbI=",
        "owner": "numtide",
        "repo": "flake-utils",
        "rev": "11707dc2f618dd54ca8739b309ec4fc024de578b",
        "type": "github"
      },
      "original": {
        "owner": "numtide",
        "repo": "flake-utils",
        "type": "github"
      }
    },
    "ims": {
      "flake": false,
      "locked": {
        "lastModified": 1784712456,
        "narHash": "sha256-XJrdlDvpZbRAkpN9f2r0mealQ5H/wYpkjtgaDRZfG9Q=",
        "ref": "main",
        "rev": "a3fec01ebc4f51c39026565c4a451fef454637fa",
        "revCount": 401,
        "submodules": true,
        "type": "git",
        "url": "https://github.com/krazey/ims"
      },
      "original": {
        "ref": "main",
        "submodules": true,
        "type": "git",
        "url": "https://github.com/krazey/ims"
      }
    },
    "local-manifests": {
      "flake": false,
      "locked": {
        "lastModified": 1780836126,
        "narHash": "sha256-F/sIR4iekoXmbxdbMdy0MySVduy3cBm5zLpCgTuo/Co=",
        "owner": "ExyHyperBrick",
        "repo": "local_manifests",
        "rev": "5300a53a358e7aa64c23c8f7a86582e66d1761b1",
        "type": "github"
      },
      "original": {
        "owner": "ExyHyperBrick",
        "ref": "lineage-23.2-wip",
        "repo": "local_manifests",
        "type": "github"
      }
    },
    "nixpkgs": {
      "locked": {
        "lastModified": 1784497964,
        "narHash": "sha256-vlHUuqAcbcH2RKmHbPiuQzbv1pnzzavXnI62RD0bqCU=",
        "owner": "NixOS",
        "repo": "nixpkgs",
        "rev": "241313f4e8e508cb9b13278c2b0fa25b9ca27163",
        "type": "github"
      },
      "original": {
        "owner": "NixOS",
        "ref": "nixos-unstable",
        "repo": "nixpkgs",
        "type": "github"
      }
    },
    "nixpkgs-nixfmt-old": {
      "locked": {
        "lastModified": 1750622754,
        "narHash": "sha256-kMhs+YzV4vPGfuTpD3mwzibWUE6jotw5Al2wczI0Pv8=",
        "owner": "NixOS",
        "repo": "nixpkgs",
        "rev": "c7ab75210cb8cb16ddd8f290755d9558edde7ee1",
        "type": "github"
      },
      "original": {
        "owner": "NixOS",
        "repo": "nixpkgs",
        "rev": "c7ab75210cb8cb16ddd8f290755d9558edde7ee1",
        "type": "github"
      }
    },
    "nixpkgs_2": {
      "locked": {
        "lastModified": 1772433332,
        "narHash": "sha256-izhTDFKsg6KeVBxJS9EblGeQ8y+O8eCa6RcW874vxEc=",
        "owner": "NixOS",
        "repo": "nixpkgs",
        "rev": "cf59864ef8aa2e178cccedbe2c178185b0365705",
        "type": "github"
      },
      "original": {
        "owner": "NixOS",
        "ref": "nixos-unstable",
        "repo": "nixpkgs",
        "type": "github"
      }
    },
    "nixpkgs_3": {
      "locked": {
        "lastModified": 1772433332,
        "narHash": "sha256-izhTDFKsg6KeVBxJS9EblGeQ8y+O8eCa6RcW874vxEc=",
        "owner": "NixOS",
        "repo": "nixpkgs",
        "rev": "cf59864ef8aa2e178cccedbe2c178185b0365705",
        "type": "github"
      },
      "original": {
        "owner": "NixOS",
        "ref": "nixos-unstable",
        "repo": "nixpkgs",
        "type": "github"
      }
    },
    "proprietary-vendor-samsung-crownlte": {
      "flake": false,
      "locked": {
        "lastModified": 1780428970,
        "narHash": "sha256-j/HYhIas8tlyIx6+U1xuMAmzP2X3M2PId0W2tEZdy+w=",
        "owner": "ExyHyperBrick",
        "repo": "proprietary_vendor_samsung_crownlte",
        "rev": "f27979d6d8e62253b90637a10d6c5aef7a18398c",
        "type": "github"
      },
      "original": {
        "owner": "ExyHyperBrick",
        "ref": "lineage-23.2",
        "repo": "proprietary_vendor_samsung_crownlte",
        "type": "github"
      }
    },
    "proprietary-vendor-samsung-exynos9810-common": {
      "flake": false,
      "locked": {
        "lastModified": 1784244425,
        "narHash": "sha256-3+mi1YnD4zYL6hnwN9I7zpk0EjZ3EIUGBWWKHxmSBSI=",
        "owner": "ExyHyperBrick",
        "repo": "proprietary_vendor_samsung_exynos9810-common",
        "rev": "a0653622478b138300930fb4fccb7d2fb918ab07",
        "type": "github"
      },
      "original": {
        "owner": "ExyHyperBrick",
        "ref": "lineage-23.2",
        "repo": "proprietary_vendor_samsung_exynos9810-common",
        "type": "github"
      }
    },
    "proprietary-vendor-samsung-star2lte": {
      "flake": false,
      "locked": {
        "lastModified": 1780429069,
        "narHash": "sha256-5NcRKyMLiHYclRhddPLNAaZcvBb00itgruukwU0LTrU=",
        "owner": "ExyHyperBrick",
        "repo": "proprietary_vendor_samsung_star2lte",
        "rev": "402fa72efe7386853e29858c4a6da283bda57ee3",
        "type": "github"
      },
      "original": {
        "owner": "ExyHyperBrick",
        "ref": "lineage-23.2",
        "repo": "proprietary_vendor_samsung_star2lte",
        "type": "github"
      }
    },
    "proprietary-vendor-samsung-starlte": {
      "flake": false,
      "locked": {
        "lastModified": 1780429094,
        "narHash": "sha256-4h8pTJ5P+ukZKpSQ5OdYiOq3kebC/lWZfQof1HTbFOY=",
        "owner": "ExyHyperBrick",
        "repo": "proprietary_vendor_samsung_starlte",
        "rev": "db7faf3e5332a518f29e45c89e8b74e539e48648",
        "type": "github"
      },
      "original": {
        "owner": "ExyHyperBrick",
        "ref": "lineage-23.2",
        "repo": "proprietary_vendor_samsung_starlte",
        "type": "github"
      }
    },
    "robotnix": {
      "inputs": {
        "androidPkgs": "androidPkgs",
        "flake-compat": "flake-compat",
        "nixpkgs": "nixpkgs_3",
        "nixpkgs-nixfmt-old": "nixpkgs-nixfmt-old",
        "treefmt-nix": "treefmt-nix"
      },
      "locked": {
        "lastModified": 1784629534,
        "narHash": "sha256-wR1Wcb9SjIr5m36PaqSvUJ8BqnLHCdVnxkft0Phwlqk=",
        "owner": "ungeskriptet",
        "repo": "robotnix",
        "rev": "bb7a3decfc023639c8e0d558ce6a5554eba95c0f",
        "type": "github"
      },
      "original": {
        "owner": "ungeskriptet",
        "ref": "lineage-update",
        "repo": "robotnix",
        "type": "github"
      }
    },
    "root": {
      "inputs": {
        "android-device-samsung-crownlte": "android-device-samsung-crownlte",
        "android-device-samsung-exynos9810-common": "android-device-samsung-exynos9810-common",
        "android-device-samsung-slsi-sepolicy": "android-device-samsung-slsi-sepolicy",
        "android-device-samsung-star2lte": "android-device-samsung-star2lte",
        "android-device-samsung-starlte": "android-device-samsung-starlte",
        "android-hardware-samsung": "android-hardware-samsung",
        "android-hardware-samsung-slsi-linaro-config": "android-hardware-samsung-slsi-linaro-config",
        "android-hardware-samsung-slsi-linaro-exynos": "android-hardware-samsung-slsi-linaro-exynos",
        "android-hardware-samsung-slsi-linaro-exynos5": "android-hardware-samsung-slsi-linaro-exynos5",
        "android-hardware-samsung-slsi-linaro-graphics": "android-hardware-samsung-slsi-linaro-graphics",
        "android-hardware-samsung-slsi-linaro-interfaces": "android-hardware-samsung-slsi-linaro-interfaces",
        "android-hardware-samsung-slsi-linaro-openmax": "android-hardware-samsung-slsi-linaro-openmax",
        "android-hardware-samsung-slsi-nfc": "android-hardware-samsung-slsi-nfc",
        "android-kernel-samsung-exynos9810": "android-kernel-samsung-exynos9810",
        "android-vendor-partner-gms": "android-vendor-partner-gms",
        "ims": "ims",
        "local-manifests": "local-manifests",
        "nixpkgs": "nixpkgs",
        "proprietary-vendor-samsung-crownlte": "proprietary-vendor-samsung-crownlte",
        "proprietary-vendor-samsung-exynos9810-common": "proprietary-vendor-samsung-exynos9810-common",
        "proprietary-vendor-samsung-star2lte": "proprietary-vendor-samsung-star2lte",
        "proprietary-vendor-samsung-starlte": "proprietary-vendor-samsung-starlte",
        "robotnix": "robotnix"
      }
    },
    "systems": {
      "locked": {
        "lastModified": 1681028828,
        "narHash": "sha256-Vy1rq5AaRuLzOxct8nz4T6wlgyUR7zLU309k9mBC768=",
        "owner": "nix-systems",
        "repo": "default",
        "rev": "da67096a3b9bf56a91d16901293e51ba5b49a27e",
        "type": "github"
      },
      "original": {
        "owner": "nix-systems",
        "repo": "default",
        "type": "github"
      }
    },
    "treefmt-nix": {
      "inputs": {
        "nixpkgs": [
          "robotnix",
          "nixpkgs"
        ]
      },
      "locked": {
        "lastModified": 1770228511,
        "narHash": "sha256-wQ6NJSuFqAEmIg2VMnLdCnUc0b7vslUohqqGGD+Fyxk=",
        "owner": "numtide",
        "repo": "treefmt-nix",
        "rev": "337a4fe074be1042a35086f15481d763b8ddc0e7",
        "type": "github"
      },
      "original": {
        "owner": "numtide",
        "repo": "treefmt-nix",
        "type": "github"
      }
    }
  },
  "root": "root",
  "version": 7
}
