{
  "nodes": {
    "android-device-samsung-crownlte": {
      "flake": false,
      "locked": {
        "lastModified": 1784808662,
        "narHash": "sha256-+4gXw5pNnBGAHsHcF5BoBddRZ3/Ja+/UNDJ1MOPJZgQ=",
        "owner": "ExyHyperBrick",
        "repo": "android_device_samsung_crownlte",
        "rev": "f090bf41f1a036569fbe02ed6a70fb429711865d",
        "type": "github"
      },
      "original": {
        "owner": "ExyHyperBrick",
        "ref": "lineage-23.2",
        "repo": "android_device_samsung_crownlte",
        "type": "github"
      }
    },
    "android-device-samsung-exynos9810-common": {
      "flake": false,
      "locked": {
        "lastModified": 1784999828,
        "narHash": "sha256-ne6hZ67WSZFRr4lmmEt8tmU6x/G90tgz1r7KYktbGQw=",
        "owner": "ExyHyperBrick",
        "repo": "android_device_samsung_exynos9810-common",
        "rev": "abb791cb21005801f114b92008547312d17c6eac",
        "type": "github"
      },
      "original": {
        "owner": "ExyHyperBrick",
        "ref": "lineage-23.2-imsstack",
        "repo": "android_device_samsung_exynos9810-common",
        "type": "github"
      }
    },
    "android-device-samsung-slsi-sepolicy": {
      "flake": false,
      "locked": {
        "lastModified": 1783596865,
        "narHash": "sha256-06O4nEwxMjOyeH5EKKrYClSxgyhrP+sbYVb4Ogz30f4=",
        "owner": "LineageOS",
        "repo": "android_device_samsung_slsi_sepolicy",
        "rev": "ce8096704e3adff6df7c12cc42518f9e244b3cf4",
        "type": "github"
      },
      "original": {
        "owner": "LineageOS",
        "ref": "lineage-23.2",
        "repo": "android_device_samsung_slsi_sepolicy",
        "type": "github"
      }
    },
    "android-device-samsung-star2lte": {
      "flake": false,
      "locked": {
        "lastModified": 1784808624,
        "narHash": "sha256-fXRqUOLNDDupH9wb9WRT2IbCN7widtv9pdWNsziGtwM=",
        "owner": "ExyHyperBrick",
        "repo": "android_device_samsung_star2lte",
        "rev": "0793874623fa1114e705a7035e398842e4373c00",
        "type": "github"
      },
      "original": {
        "owner": "ExyHyperBrick",
        "ref": "lineage-23.2",
        "repo": "android_device_samsung_star2lte",
        "type": "github"
      }
    },
    "android-device-samsung-starlte": {
      "flake": false,
      "locked": {
        "lastModified": 1784808570,
        "narHash": "sha256-QKKIMS4MtXmCMZpiGVj2NSiscCycdtv9uvEaWyWBRMo=",
        "owner": "ExyHyperBrick",
        "repo": "android_device_samsung_starlte",
        "rev": "4b04d7a1b52423c1ecc97b99e2af95d5e24292ca",
        "type": "github"
      },
      "original": {
        "owner": "ExyHyperBrick",
        "ref": "lineage-23.2",
        "repo": "android_device_samsung_starlte",
        "type": "github"
      }
    },
    "android-hardware-samsung": {
      "flake": false,
      "locked": {
        "lastModified": 1782324607,
        "narHash": "sha256-9cw9ufPHr58dQcpe4ZzZhUswHLyR+UI8lE1hIoiQlyk=",
        "owner": "LineageOS",
        "repo": "android_hardware_samsung",
        "rev": "147603411af80cd956a23c5fd9fa5fbd44559320",
        "type": "github"
      },
      "original": {
        "owner": "LineageOS",
        "ref": "lineage-23.2",
        "repo": "android_hardware_samsung",
        "type": "github"
      }
    },
    "android-hardware-samsung-slsi-exynos-dtbh": {
      "flake": false,
      "locked": {
        "lastModified": 1767279171,
        "narHash": "sha256-VZx1bdlAtIFemVob5KeuBkkq7rSco9f3Lif9SC88InQ=",
        "owner": "ExyHyperBrick",
        "repo": "android_hardware_samsung_slsi_exynos_dtbh",
        "rev": "c9bceb0d9b7ecde0e4e13b859c163b7568b9398a",
        "type": "github"
      },
      "original": {
        "owner": "ExyHyperBrick",
        "ref": "lineage-23.2",
        "repo": "android_hardware_samsung_slsi_exynos_dtbh",
        "type": "github"
      }
    },
    "android-hardware-samsung-slsi-linaro-config": {
      "flake": false,
      "locked": {
        "lastModified": 1783761169,
        "narHash": "sha256-41EZAk8gAO4CIwSdojtM9fv8+Ox7u/cbf5Tq6jIVngw=",
        "owner": "LineageOS",
        "repo": "android_hardware_samsung_slsi-linaro_config",
        "rev": "3626ce714e847cae429883a612d4ec9de79389e7",
        "type": "github"
      },
      "original": {
        "owner": "LineageOS",
        "ref": "lineage-23.2",
        "repo": "android_hardware_samsung_slsi-linaro_config",
        "type": "github"
      }
    },
    "android-hardware-samsung-slsi-linaro-exynos": {
      "flake": false,
      "locked": {
        "lastModified": 1783900303,
        "narHash": "sha256-O/P0QTSKuBybft4p5klEEB+H2ZUMeYogNISSTFLx/q8=",
        "owner": "LineageOS",
        "repo": "android_hardware_samsung_slsi-linaro_exynos",
        "rev": "2c2b1f889932bbe872c197efe33730f5fc231652",
        "type": "github"
      },
      "original": {
        "owner": "LineageOS",
        "ref": "lineage-23.2",
        "repo": "android_hardware_samsung_slsi-linaro_exynos",
        "type": "github"
      }
    },
    "android-hardware-samsung-slsi-linaro-exynos5": {
      "flake": false,
      "locked": {
        "lastModified": 1737109914,
        "narHash": "sha256-2TWqYim/Od4kF+H/buGN2bOKGgdUJi39e0xr62wXs4s=",
        "owner": "LineageOS",
        "repo": "android_hardware_samsung_slsi-linaro_exynos5",
        "rev": "7a7c982313e0821898ef9c696d3e12da95cfe037",
        "type": "github"
      },
      "original": {
        "owner": "LineageOS",
        "ref": "lineage-23.2",
        "repo": "android_hardware_samsung_slsi-linaro_exynos5",
        "type": "github"
      }
    },
    "android-hardware-samsung-slsi-linaro-graphics": {
      "flake": false,
      "locked": {
        "lastModified": 1783698565,
        "narHash": "sha256-gr2j0e+dIZ3Fm+p7xnL3GpFNDUbk58wr5MSMY/FEyyY=",
        "owner": "LineageOS",
        "repo": "android_hardware_samsung_slsi-linaro_graphics",
        "rev": "703d69fc4c6e2f59ca2069608ea26c564c6e12a7",
        "type": "github"
      },
      "original": {
        "owner": "LineageOS",
        "ref": "lineage-23.2",
        "repo": "android_hardware_samsung_slsi-linaro_graphics",
        "type": "github"
      }
    },
    "android-hardware-samsung-slsi-linaro-interfaces": {
      "flake": false,
      "locked": {
        "lastModified": 1764621319,
        "narHash": "sha256-kF/ZbSp5zcp5as+Yb24ru1UusI8QSgMDBSbW5YK2qII=",
        "owner": "LineageOS",
        "repo": "android_hardware_samsung_slsi-linaro_interfaces",
        "rev": "aa39734cbeb5ea14a28c170ac7b4527942b703a0",
        "type": "github"
      },
      "original": {
        "owner": "LineageOS",
        "ref": "lineage-23.2",
        "repo": "android_hardware_samsung_slsi-linaro_interfaces",
        "type": "github"
      }
    },
    "android-hardware-samsung-slsi-linaro-openmax": {
      "flake": false,
      "locked": {
        "lastModified": 1764605137,
        "narHash": "sha256-Vw8OGU86mwMB0vrQxkX/ewJ9bMU9ps4v3Y18m7JmuSc=",
        "owner": "LineageOS",
        "repo": "android_hardware_samsung_slsi-linaro_openmax",
        "rev": "15ab30812af9fe39fff2ae3cd867d7e954c73881",
        "type": "github"
      },
      "original": {
        "owner": "LineageOS",
        "ref": "lineage-23.2",
        "repo": "android_hardware_samsung_slsi-linaro_openmax",
        "type": "github"
      }
    },
    "android-hardware-samsung-slsi-nfc": {
      "flake": false,
      "locked": {
        "lastModified": 1780510415,
        "narHash": "sha256-s427bOAuGWdgTBvC+rNJa25EkJY8fK8uA1YepW5xvvk=",
        "owner": "LineageOS",
        "repo": "android_hardware_samsung_slsi_nfc",
        "rev": "88490b4408246e6c10ef1a6942844796f66dee5e",
        "type": "github"
      },
      "original": {
        "owner": "LineageOS",
        "ref": "lineage-23.2",
        "repo": "android_hardware_samsung_slsi_nfc",
        "type": "github"
      }
    },
    "android-kernel-samsung-exynos9810": {
      "flake": false,
      "locked": {
        "lastModified": 1785091702,
        "narHash": "sha256-fGxtkrnH++QK10zxQ8WL6tXgLE93PzsMRICI1K5IxFM=",
        "owner": "ExyHyperBrick",
        "repo": "android_kernel_samsung_exynos9810",
        "rev": "85bd0adb77d33ca83a0813a0cff57488604c8ec0",
        "type": "github"
      },
      "original": {
        "owner": "ExyHyperBrick",
        "ref": "lineage-23.2",
        "repo": "android_kernel_samsung_exynos9810",
        "type": "github"
      }
    },
    "android-vendor-extra": {
      "flake": false,
      "locked": {
        "lastModified": 1784177087,
        "narHash": "sha256-5kRwlvgP7e0uDsuqSb0dMIhaXQF7G9tWSbhrLOrZ6Zs=",
        "rev": "a6fda81fd5b6ad28ac3b2b4c3af60866a1de859e",
        "type": "tarball",
        "url": "https://codeberg.org/api/v1/repos/ungeskriptet/android_vendor_extra/archive/a6fda81fd5b6ad28ac3b2b4c3af60866a1de859e.tar.gz"
      },
      "original": {
        "type": "tarball",
        "url": "https://codeberg.org/ungeskriptet/android_vendor_extra/archive/master.tar.gz"
      }
    },
    "android-vendor-partner-gms": {
      "flake": false,
      "locked": {
        "lastModified": 1783524220,
        "narHash": "sha256-wV48KyyCWHSHbXNc0vNH79MbxIK7+aMkOqmeGAtuUHI=",
        "ref": "main",
        "rev": "7d908d421aa853bde0e005d9294d0007b6924cb1",
        "revCount": 217,
        "type": "git",
        "url": "https://gitlab.com/itsvixano-dev/android/lineageos-personal/android_vendor_partner_gms.git"
      },
      "original": {
        "ref": "main",
        "type": "git",
        "url": "https://gitlab.com/itsvixano-dev/android/lineageos-personal/android_vendor_partner_gms.git"
      }
    },
    "androidPkgs": {
      "inputs": {
        "devshell": "devshell",
        "flake-utils": "flake-utils",
        "nixpkgs": "nixpkgs_2"
      },
      "locked": {
        "lastModified": 1772483881,
        "narHash": "sha256-qqM94h8oArFngEjkwfRR/13hWeC0cmydxy5LuhJsNvo=",
        "owner": "tadfisher",
        "repo": "android-nixpkgs",
        "rev": "14c94be0575cd738174263df6b56efe0c645deaf",
        "type": "github"
      },
      "original": {
        "owner": "tadfisher",
        "ref": "stable",
        "repo": "android-nixpkgs",
        "type": "github"
      }
    },
    "devshell": {
      "inputs": {
        "nixpkgs": [
          "robotnix",
          "androidPkgs",
          "nixpkgs"
        ]
      },
      "locked": {
        "lastModified": 1768818222,
        "narHash": "sha256-460jc0+CZfyaO8+w8JNtlClB2n4ui1RbHfPTLkpwhU8=",
        "owner": "numtide",
        "repo": "devshell",
        "rev": "255a2b1725a20d060f566e4755dbf571bbbb5f76",
        "type": "github"
      },
      "original": {
        "owner": "numtide",
        "repo": "devshell",
        "type": "github"
      }
    },
    "flake-compat": {
      "locked": {
        "lastModified": 1761640442,
        "narHash": "sha256-AtrEP6Jmdvrqiv4x2xa5mrtaIp3OEe8uBYCDZDS+hu8=",
        "owner": "nix-community",
        "repo": "flake-compat",
        "rev": "4a56054d8ffc173222d09dad23adf4ba946c8884",
        "type": "github"
      },
      "original": {
        "owner": "nix-community",
        "repo": "flake-compat",
        "type": "github"
      }
    },
    "flake-utils": {
      "inputs": {
        "systems": "systems"
      },
      "locked": {
        "lastModified": 1731533236,
        "narHash": "sha256-l0KFg5HjrsfsO/JpG+r7fRrqm12kzFHyUHqHCVpMMbI=",
        "owner": "numtide",
        "repo": "flake-utils",
        "rev": "11707dc2f618dd54ca8739b309ec4fc024de578b",
        "type": "github"
      },
      "original": {
        "owner": "numtide",
        "repo": "flake-utils",
        "type": "github"
      }
    },
    "imsmedia": {
      "flake": false,
      "locked": {
        "lastModified": 1784808434,
        "narHash": "sha256-AckFuKVy5tQEuEu+tMfB+r3fm29ObR211xddo2fY03w=",
        "owner": "krazey",
        "repo": "ImsMedia",
        "rev": "b0ec1ccf64c4b2c20020acbde4ab65afd49e0bcc",
        "type": "github"
      },
      "original": {
        "owner": "krazey",
        "ref": "main",
        "repo": "ImsMedia",
        "type": "github"
      }
    },
    "imsstack": {
      "flake": false,
      "locked": {
        "lastModified": 1784992272,
        "narHash": "sha256-aM8pd1yKGLDnoWUe6Q0qHZLwDV7SwX/mglJjEhxci04=",
        "owner": "krazey",
        "repo": "ImsStack",
        "rev": "fca80710127d6e55f58365e826474c46eeec4db8",
        "type": "github"
      },
      "original": {
        "owner": "krazey",
        "ref": "main",
        "repo": "ImsStack",
        "type": "github"
      }
    },
    "imsstack-carrier-config-ext": {
      "flake": false,
      "locked": {
        "lastModified": 1784990006,
        "narHash": "sha256-hmJvvg9npJ+sngdoLAGOzdR86wrDEXqiEzpJKNdUay4=",
        "owner": "krazey",
        "repo": "imsstack-carrier-config-ext",
        "rev": "fdab0a067cb75cabbd13ad78fbc1a91ddc89db4b",
        "type": "github"
      },
      "original": {
        "owner": "krazey",
        "ref": "main",
        "repo": "imsstack-carrier-config-ext",
        "type": "github"
      }
    },
    "local-manifests": {
      "flake": false,
      "locked": {
        "lastModified": 1784917378,
        "narHash": "sha256-fMcF/hiycj8/Hy2GMkpMb3iaIdi4t/BxGcVfaMdlBEg=",
        "owner": "ExyHyperBrick",
        "repo": "local_manifests",
        "rev": "4b948c20e6d7b8d370e13deb6eac4ec7bc6ccad7",
        "type": "github"
      },
      "original": {
        "owner": "ExyHyperBrick",
        "ref": "lineage-23.2-imsstack",
        "repo": "local_manifests",
        "type": "github"
      }
    },
    "nixpkgs": {
      "locked": {
        "lastModified": 1785090369,
        "narHash": "sha256-m0pDuRJG7EDo9ri+4Ksu83VsI+PlxNC9lNBfydejce4=",
        "owner": "NixOS",
        "repo": "nixpkgs",
        "rev": "624af665418d3c65d544145b4d34ad696439570e",
        "type": "github"
      },
      "original": {
        "owner": "NixOS",
        "ref": "nixos-unstable",
        "repo": "nixpkgs",
        "type": "github"
      }
    },
    "nixpkgs-nixfmt-old": {
      "locked": {
        "lastModified": 1750622754,
        "narHash": "sha256-kMhs+YzV4vPGfuTpD3mwzibWUE6jotw5Al2wczI0Pv8=",
        "owner": "NixOS",
        "repo": "nixpkgs",
        "rev": "c7ab75210cb8cb16ddd8f290755d9558edde7ee1",
        "type": "github"
      },
      "original": {
        "owner": "NixOS",
        "repo": "nixpkgs",
        "rev": "c7ab75210cb8cb16ddd8f290755d9558edde7ee1",
        "type": "github"
      }
    },
    "nixpkgs_2": {
      "locked": {
        "lastModified": 1772433332,
        "narHash": "sha256-izhTDFKsg6KeVBxJS9EblGeQ8y+O8eCa6RcW874vxEc=",
        "owner": "NixOS",
        "repo": "nixpkgs",
        "rev": "cf59864ef8aa2e178cccedbe2c178185b0365705",
        "type": "github"
      },
      "original": {
        "owner": "NixOS",
        "ref": "nixos-unstable",
        "repo": "nixpkgs",
        "type": "github"
      }
    },
    "nixpkgs_3": {
      "locked": {
        "lastModified": 1772433332,
        "narHash": "sha256-izhTDFKsg6KeVBxJS9EblGeQ8y+O8eCa6RcW874vxEc=",
        "owner": "NixOS",
        "repo": "nixpkgs",
        "rev": "cf59864ef8aa2e178cccedbe2c178185b0365705",
        "type": "github"
      },
      "original": {
        "owner": "NixOS",
        "ref": "nixos-unstable",
        "repo": "nixpkgs",
        "type": "github"
      }
    },
    "proprietary-vendor-samsung-crownlte": {
      "flake": false,
      "locked": {
        "lastModified": 1780428970,
        "narHash": "sha256-j/HYhIas8tlyIx6+U1xuMAmzP2X3M2PId0W2tEZdy+w=",
        "owner": "ExyHyperBrick",
        "repo": "proprietary_vendor_samsung_crownlte",
        "rev": "f27979d6d8e62253b90637a10d6c5aef7a18398c",
        "type": "github"
      },
      "original": {
        "owner": "ExyHyperBrick",
        "ref": "lineage-23.2",
        "repo": "proprietary_vendor_samsung_crownlte",
        "type": "github"
      }
    },
    "proprietary-vendor-samsung-exynos9810-common": {
      "flake": false,
      "locked": {
        "lastModified": 1784244425,
        "narHash": "sha256-3+mi1YnD4zYL6hnwN9I7zpk0EjZ3EIUGBWWKHxmSBSI=",
        "owner": "ExyHyperBrick",
        "repo": "proprietary_vendor_samsung_exynos9810-common",
        "rev": "a0653622478b138300930fb4fccb7d2fb918ab07",
        "type": "github"
      },
      "original": {
        "owner": "ExyHyperBrick",
        "ref": "lineage-23.2",
        "repo": "proprietary_vendor_samsung_exynos9810-common",
        "type": "github"
      }
    },
    "proprietary-vendor-samsung-star2lte": {
      "flake": false,
      "locked": {
        "lastModified": 1780429069,
        "narHash": "sha256-5NcRKyMLiHYclRhddPLNAaZcvBb00itgruukwU0LTrU=",
        "owner": "ExyHyperBrick",
        "repo": "proprietary_vendor_samsung_star2lte",
        "rev": "402fa72efe7386853e29858c4a6da283bda57ee3",
        "type": "github"
      },
      "original": {
        "owner": "ExyHyperBrick",
        "ref": "lineage-23.2",
        "repo": "proprietary_vendor_samsung_star2lte",
        "type": "github"
      }
    },
    "proprietary-vendor-samsung-starlte": {
      "flake": false,
      "locked": {
        "lastModified": 1780429094,
        "narHash": "sha256-4h8pTJ5P+ukZKpSQ5OdYiOq3kebC/lWZfQof1HTbFOY=",
        "owner": "ExyHyperBrick",
        "repo": "proprietary_vendor_samsung_starlte",
        "rev": "db7faf3e5332a518f29e45c89e8b74e539e48648",
        "type": "github"
      },
      "original": {
        "owner": "ExyHyperBrick",
        "ref": "lineage-23.2",
        "repo": "proprietary_vendor_samsung_starlte",
        "type": "github"
      }
    },
    "robotnix": {
      "inputs": {
        "androidPkgs": "androidPkgs",
        "flake-compat": "flake-compat",
        "nixpkgs": "nixpkgs_3",
        "nixpkgs-nixfmt-old": "nixpkgs-nixfmt-old",
        "treefmt-nix": "treefmt-nix"
      },
      "locked": {
        "lastModified": 1784932973,
        "narHash": "sha256-QnXsxkRONfZM/D7utoV2WSqhRT9NIWCFWDGE0Xa9pX4=",
        "owner": "ungeskriptet",
        "repo": "robotnix",
        "rev": "40c0cb737fe5b973b3628953dd7b5936128bac35",
        "type": "github"
      },
      "original": {
        "owner": "ungeskriptet",
        "ref": "lineage-update",
        "repo": "robotnix",
        "type": "github"
      }
    },
    "root": {
      "inputs": {
        "android-device-samsung-crownlte": "android-device-samsung-crownlte",
        "android-device-samsung-exynos9810-common": "android-device-samsung-exynos9810-common",
        "android-device-samsung-slsi-sepolicy": "android-device-samsung-slsi-sepolicy",
        "android-device-samsung-star2lte": "android-device-samsung-star2lte",
        "android-device-samsung-starlte": "android-device-samsung-starlte",
        "android-hardware-samsung": "android-hardware-samsung",
        "android-hardware-samsung-slsi-exynos-dtbh": "android-hardware-samsung-slsi-exynos-dtbh",
        "android-hardware-samsung-slsi-linaro-config": "android-hardware-samsung-slsi-linaro-config",
        "android-hardware-samsung-slsi-linaro-exynos": "android-hardware-samsung-slsi-linaro-exynos",
        "android-hardware-samsung-slsi-linaro-exynos5": "android-hardware-samsung-slsi-linaro-exynos5",
        "android-hardware-samsung-slsi-linaro-graphics": "android-hardware-samsung-slsi-linaro-graphics",
        "android-hardware-samsung-slsi-linaro-interfaces": "android-hardware-samsung-slsi-linaro-interfaces",
        "android-hardware-samsung-slsi-linaro-openmax": "android-hardware-samsung-slsi-linaro-openmax",
        "android-hardware-samsung-slsi-nfc": "android-hardware-samsung-slsi-nfc",
        "android-kernel-samsung-exynos9810": "android-kernel-samsung-exynos9810",
        "android-vendor-extra": "android-vendor-extra",
        "android-vendor-partner-gms": "android-vendor-partner-gms",
        "imsmedia": "imsmedia",
        "imsstack": "imsstack",
        "imsstack-carrier-config-ext": "imsstack-carrier-config-ext",
        "local-manifests": "local-manifests",
        "nixpkgs": "nixpkgs",
        "proprietary-vendor-samsung-crownlte": "proprietary-vendor-samsung-crownlte",
        "proprietary-vendor-samsung-exynos9810-common": "proprietary-vendor-samsung-exynos9810-common",
        "proprietary-vendor-samsung-star2lte": "proprietary-vendor-samsung-star2lte",
        "proprietary-vendor-samsung-starlte": "proprietary-vendor-samsung-starlte",
        "robotnix": "robotnix"
      }
    },
    "systems": {
      "locked": {
        "lastModified": 1681028828,
        "narHash": "sha256-Vy1rq5AaRuLzOxct8nz4T6wlgyUR7zLU309k9mBC768=",
        "owner": "nix-systems",
        "repo": "default",
        "rev": "da67096a3b9bf56a91d16901293e51ba5b49a27e",
        "type": "github"
      },
      "original": {
        "owner": "nix-systems",
        "repo": "default",
        "type": "github"
      }
    },
    "treefmt-nix": {
      "inputs": {
        "nixpkgs": [
          "robotnix",
          "nixpkgs"
        ]
      },
      "locked": {
        "lastModified": 1770228511,
        "narHash": "sha256-wQ6NJSuFqAEmIg2VMnLdCnUc0b7vslUohqqGGD+Fyxk=",
        "owner": "numtide",
        "repo": "treefmt-nix",
        "rev": "337a4fe074be1042a35086f15481d763b8ddc0e7",
        "type": "github"
      },
      "original": {
        "owner": "numtide",
        "repo": "treefmt-nix",
        "type": "github"
      }
    }
  },
  "root": "root",
  "version": 7
}
